{
    "version": 3,
    "terraform_version": "0.10.0",
    "serial": 3,
    "lineage": "ec6c4f27-1238-4430-b270-68751f530964",
    "modules": [
        {
            "path": [
                "root"
            ],
            "outputs": {},
            "resources": {
                "heroku_app.default": {
                    "type": "heroku_app",
                    "depends_on": [],
                    "primary": {
                        "id": "test-api-123",
                        "attributes": {
                            "all_config_vars.%": "1",
                            "all_config_vars.NODE_ENV": "production",
                            "buildpacks.#": "1",
                            "buildpacks.0": "heroku/nodejs",
                            "config_vars.#": "1",
                            "config_vars.0.%": "1",
                            "config_vars.0.NODE_ENV": "production",
                            "git_url": "https://git.heroku.com/test-api-123.git",
                            "heroku_hostname": "test-api-123.herokuapp.com",
                            "id": "test-api-123",
                            "name": "test-api-123",
                            "region": "eu",
                            "stack": "heroku-16",
                            "web_url": "https://test-api-123.herokuapp.com/"
                        },
                        "meta": {},
                        "tainted": false
                    },
                    "deposed": [],
                    "provider": ""
                }
            },
            "depends_on": []
        }
    ]
}
